// !$*UTF8*$!
{
	archiveVersion = 1;
	classes = {
	};
	objectVersion = 56;
	objects = {

/* Begin PBXBuildFile section */
		86174C732EA3B62D00919323 /* Star.swift in Sources */ = {isa = PBXBuildFile; fileRef = 86174C722EA3B62B00919323 /* Star.swift */; };
		86174C752EA3B7C600919323 /* HelloWorld.swift in Sources */ = {isa = PBXBuildFile; fileRef = 86174C742EA3B7B400919323 /* HelloWorld.swift */; };
		86174C7A2EA3C06A00919323 /* Variables.swift in Sources */ = {isa = PBXBuildFile; fileRef = 86174C792EA3C06700919323 /* Variables.swift */; };
		86174C7D2EA4DDCF00919323 /* Constants.swift in Sources */ = {isa = PBXBuildFile; fileRef = 86174C7C2EA4DDCB00919323 /* Constants.swift */; };
		86174C802EA4E39400919323 /* StringInterpolation.swift in Sources */ = {isa = PBXBuildFile; fileRef = 86174C7F2EA4E39000919323 /* StringInterpolation.swift */; };
		86AF25102EA62116005FBDE7 /* BasicType.swift in Sources */ = {isa = PBXBuildFile; fileRef = 86AF250F2EA62112005FBDE7 /* BasicType.swift */; };
		86AF25122EA62B31005FBDE7 /* Literal.swift in Sources */ = {isa = PBXBuildFile; fileRef = 86AF25112EA62B2F005FBDE7 /* Literal.swift */; };
		86AF25142EA63039005FBDE7 /* TypeInference.swift in Sources */ = {isa = PBXBuildFile; fileRef = 86AF25132EA63035005FBDE7 /* TypeInference.swift */; };
		86AF25182EA66C5E005FBDE7 /* Initialization.swift in Sources */ = {isa = PBXBuildFile; fileRef = 86AF25172EA66C59005FBDE7 /* Initialization.swift */; };
		86B5FF032EA28EBB001BEA55 /* main.swift in Sources */ = {isa = PBXBuildFile; fileRef = 86B5FF022EA28EBB001BEA55 /* main.swift */; };
		EFE631202EAF7AFE0069AA05 /* BasicOperator.swift in Sources */ = {isa = PBXBuildFile; fileRef = EFE6311F2EAF7AFA0069AA05 /* BasicOperator.swift */; };
		EFF9310D2EC354EC00DE11F9 /* ComparisonOperator.swift in Sources */ = {isa = PBXBuildFile; fileRef = EFF9310C2EC354E000DE11F9 /* ComparisonOperator.swift */; };
		EFF9310F2EC3557000DE11F9 /* LogicalOperator.swift in Sources */ = {isa = PBXBuildFile; fileRef = EFF9310E2EC3556A00DE11F9 /* LogicalOperator.swift */; };
/* End PBXBuildFile section */

/* Begin PBXCopyFilesBuildPhase section */
		86B5FEFD2EA28EBB001BEA55 /* CopyFiles */ = {
			isa = PBXCopyFilesBuildPhase;
			buildActionMask = 2147483647;
			dstPath = /usr/share/man/man1/;
			dstSubfolderSpec = 0;
			files = (
			);
			runOnlyForDeploymentPostprocessing = 1;
		};
/* End PBXCopyFilesBuildPhase section */

/* Begin PBXFileReference section */
		86174C722EA3B62B00919323 /* Star.swift */ = {isa = PBXFileReference; lastKnownFileType = sourcecode.swift; path = Star.swift; sourceTree = "<group>"; };
		86174C742EA3B7B400919323 /* HelloWorld.swift */ = {isa = PBXFileReference; lastKnownFileType = sourcecode.swift; path = HelloWorld.swift; sourceTree = "<group>"; };
		86174C792EA3C06700919323 /* Variables.swift */ = {isa = PBXFileReference; lastKnownFileType = sourcecode.swift; path = Variables.swift; sourceTree = "<group>"; };
		86174C7C2EA4DDCB00919323 /* Constants.swift */ = {isa = PBXFileReference; lastKnownFileType = sourcecode.swift; path = Constants.swift; sourceTree = "<group>"; };
		86174C7F2EA4E39000919323 /* StringInterpolation.swift */ = {isa = PBXFileReference; lastKnownFileType = sourcecode.swift; path = StringInterpolation.swift; sourceTree = "<group>"; };
		86AF250F2EA62112005FBDE7 /* BasicType.swift */ = {isa = PBXFileReference; lastKnownFileType = sourcecode.swift; path = BasicType.swift; sourceTree = "<group>"; };
		86AF25112EA62B2F005FBDE7 /* Literal.swift */ = {isa = PBXFileReference; lastKnownFileType = sourcecode.swift; path = Literal.swift; sourceTree = "<group>"; };
		86AF25132EA63035005FBDE7 /* TypeInference.swift */ = {isa = PBXFileReference; lastKnownFileType = sourcecode.swift; path = TypeInference.swift; sourceTree = "<group>"; };
		86AF25172EA66C59005FBDE7 /* Initialization.swift */ = {isa = PBXFileReference; lastKnownFileType = sourcecode.swift; path = Initialization.swift; sourceTree = "<group>"; };
		86B5FEFF2EA28EBB001BEA55 /* Swift_Language */ = {isa = PBXFileReference; explicitFileType = "compiled.mach-o.executable"; includeInIndex = 0; path = Swift_Language; sourceTree = BUILT_PRODUCTS_DIR; };
		86B5FF022EA28EBB001BEA55 /* main.swift */ = {isa = PBXFileReference; lastKnownFileType = sourcecode.swift; path = main.swift; sourceTree = "<group>"; };
		EFE6311F2EAF7AFA0069AA05 /* BasicOperator.swift */ = {isa = PBXFileReference; lastKnownFileType = sourcecode.swift; path = BasicOperator.swift; sourceTree = "<group>"; };
		EFF9310C2EC354E000DE11F9 /* ComparisonOperator.swift */ = {isa = PBXFileReference; lastKnownFileType = sourcecode.swift; path = ComparisonOperator.swift; sourceTree = "<group>"; };
		EFF9310E2EC3556A00DE11F9 /* LogicalOperator.swift */ = {isa = PBXFileReference; lastKnownFileType = sourcecode.swift; path = LogicalOperator.swift; sourceTree = "<group>"; };
/* End PBXFileReference section */

/* Begin PBXFrameworksBuildPhase section */
		86B5FEFC2EA28EBB001BEA55 /* Frameworks */ = {
			isa = PBXFrameworksBuildPhase;
			buildActionMask = 2147483647;
			files = (
			);
			runOnlyForDeploymentPostprocessing = 0;
		};
/* End PBXFrameworksBuildPhase section */

/* Begin PBXGroup section */
		86174C712EA3B62500919323 /* First */ = {
			isa = PBXGroup;
			children = (
				86174C742EA3B7B400919323 /* HelloWorld.swift */,
				86174C722EA3B62B00919323 /* Star.swift */,
			);
			path = First;
			sourceTree = "<group>";
		};
		86174C782EA3C04C00919323 /* Variables */ = {
			isa = PBXGroup;
			children = (
				86174C792EA3C06700919323 /* Variables.swift */,
			);
			path = Variables;
			sourceTree = "<group>";
		};
		86174C7B2EA4DDBF00919323 /* Constants */ = {
			isa = PBXGroup;
			children = (
				86174C7C2EA4DDCB00919323 /* Constants.swift */,
			);
			path = Constants;
			sourceTree = "<group>";
		};
		86174C7E2EA4E38600919323 /* StringInterpolation */ = {
			isa = PBXGroup;
			children = (
				86174C7F2EA4E39000919323 /* StringInterpolation.swift */,
			);
			path = StringInterpolation;
			sourceTree = "<group>";
		};
		86AF250E2EA62107005FBDE7 /* DataType */ = {
			isa = PBXGroup;
			children = (
				86AF25172EA66C59005FBDE7 /* Initialization.swift */,
				86AF25132EA63035005FBDE7 /* TypeInference.swift */,
				86AF25112EA62B2F005FBDE7 /* Literal.swift */,
				86AF250F2EA62112005FBDE7 /* BasicType.swift */,
			);
			path = DataType;
			sourceTree = "<group>";
		};
		86B5FEF62EA28EBB001BEA55 = {
			isa = PBXGroup;
			children = (
				86B5FF012EA28EBB001BEA55 /* Swift_Language */,
				86B5FF002EA28EBB001BEA55 /* Products */,
			);
			sourceTree = "<group>";
		};
		86B5FF002EA28EBB001BEA55 /* Products */ = {
			isa = PBXGroup;
			children = (
				86B5FEFF2EA28EBB001BEA55 /* Swift_Language */,
			);
			name = Products;
			sourceTree = "<group>";
		};
		86B5FF012EA28EBB001BEA55 /* Swift_Language */ = {
			isa = PBXGroup;
			children = (
				EFE6311E2EAF7ADF0069AA05 /* Operator */,
				86AF250E2EA62107005FBDE7 /* DataType */,
				86174C7E2EA4E38600919323 /* StringInterpolation */,
				86174C7B2EA4DDBF00919323 /* Constants */,
				86174C782EA3C04C00919323 /* Variables */,
				86174C712EA3B62500919323 /* First */,
				86B5FF022EA28EBB001BEA55 /* main.swift */,
			);
			path = Swift_Language;
			sourceTree = "<group>";
		};
		EFE6311E2EAF7ADF0069AA05 /* Operator */ = {
			isa = PBXGroup;
			children = (
				EFF9310E2EC3556A00DE11F9 /* LogicalOperator.swift */,
				EFF9310C2EC354E000DE11F9 /* ComparisonOperator.swift */,
				EFE6311F2EAF7AFA0069AA05 /* BasicOperator.swift */,
			);
			path = Operator;
			sourceTree = "<group>";
		};
/* End PBXGroup section */

/* Begin PBXNativeTarget section */
		86B5FEFE2EA28EBB001BEA55 /* Swift_Language */ = {
			isa = PBXNativeTarget;
			buildConfigurationList = 86B5FF062EA28EBB001BEA55 /* Build configuration list for PBXNativeTarget "Swift_Language" */;
			buildPhases = (
				86B5FEFB2EA28EBB001BEA55 /* Sources */,
				86B5FEFC2EA28EBB001BEA55 /* Frameworks */,
				86B5FEFD2EA28EBB001BEA55 /* CopyFiles */,
			);
			buildRules = (
			);
			dependencies = (
			);
			name = Swift_Language;
			productName = Swift_Language;
			productReference = 86B5FEFF2EA28EBB001BEA55 /* Swift_Language */;
			productType = "com.apple.product-type.tool";
		};
/* End PBXNativeTarget section */

/* Begin PBXProject section */
		86B5FEF72EA28EBB001BEA55 /* Project object */ = {
			isa = PBXProject;
			attributes = {
				BuildIndependentTargetsInParallel = 1;
				LastSwiftUpdateCheck = 1540;
				LastUpgradeCheck = 1540;
				TargetAttributes = {
					86B5FEFE2EA28EBB001BEA55 = {
						CreatedOnToolsVersion = 15.4;
					};
				};
			};
			buildConfigurationList = 86B5FEFA2EA28EBB001BEA55 /* Build configuration list for PBXProject "Swift_Language" */;
			compatibilityVersion = "Xcode 14.0";
			developmentRegion = en;
			hasScannedForEncodings = 0;
			knownRegions = (
				en,
				Base,
			);
			mainGroup = 86B5FEF62EA28EBB001BEA55;
			productRefGroup = 86B5FF002EA28EBB001BEA55 /* Products */;
			projectDirPath = "";
			projectRoot = "";
			targets = (
				86B5FEFE2EA28EBB001BEA55 /* Swift_Language */,
			);
		};
/* End PBXProject section */

/* Begin PBXSourcesBuildPhase section */
		86B5FEFB2EA28EBB001BEA55 /* Sources */ = {
			isa = PBXSourcesBuildPhase;
			buildActionMask = 2147483647;
			files = (
				86AF25142EA63039005FBDE7 /* TypeInference.swift in Sources */,
				86174C7D2EA4DDCF00919323 /* Constants.swift in Sources */,
				EFF9310D2EC354EC00DE11F9 /* ComparisonOperator.swift in Sources */,
				86B5FF032EA28EBB001BEA55 /* main.swift in Sources */,
				86AF25182EA66C5E005FBDE7 /* Initialization.swift in Sources */,
				86174C752EA3B7C600919323 /* HelloWorld.swift in Sources */,
				86174C802EA4E39400919323 /* StringInterpolation.swift in Sources */,
				EFE631202EAF7AFE0069AA05 /* BasicOperator.swift in Sources */,
				86AF25102EA62116005FBDE7 /* BasicType.swift in Sources */,
				86AF25122EA62B31005FBDE7 /* Literal.swift in Sources */,
				86174C732EA3B62D00919323 /* Star.swift in Sources */,
				86174C7A2EA3C06A00919323 /* Variables.swift in Sources */,
				EFF9310F2EC3557000DE11F9 /* LogicalOperator.swift in Sources */,
			);
			runOnlyForDeploymentPostprocessing = 0;
		};
/* End PBXSourcesBuildPhase section */

/* Begin XCBuildConfiguration section */
		86B5FF042EA28EBB001BEA55 /* Debug */ = {
			isa = XCBuildConfiguration;
			buildSettings = {
				ALWAYS_SEARCH_USER_PATHS = NO;
				ASSETCATALOG_COMPILER_GENERATE_SWIFT_ASSET_SYMBOL_EXTENSIONS = YES;
				CLANG_ANALYZER_NONNULL = YES;
				CLANG_ANALYZER_NUMBER_OBJECT_CONVERSION = YES_AGGRESSIVE;
				CLANG_CXX_LANGUAGE_STANDARD = "gnu++20";
				CLANG_ENABLE_MODULES = YES;
				CLANG_ENABLE_OBJC_ARC = YES;
				CLANG_ENABLE_OBJC_WEAK = YES;
				CLANG_WARN_BLOCK_CAPTURE_AUTORELEASING = YES;
				CLANG_WARN_BOOL_CONVERSION = YES;
				CLANG_WARN_COMMA = YES;
				CLANG_WARN_CONSTANT_CONVERSION = YES;
				CLANG_WARN_DEPRECATED_OBJC_IMPLEMENTATIONS = YES;
				CLANG_WARN_DIRECT_OBJC_ISA_USAGE = YES_ERROR;
				CLANG_WARN_DOCUMENTATION_COMMENTS = YES;
				CLANG_WARN_EMPTY_BODY = YES;
				CLANG_WARN_ENUM_CONVERSION = YES;
				CLANG_WARN_INFINITE_RECURSION = YES;
				CLANG_WARN_INT_CONVERSION = YES;
				CLANG_WARN_NON_LITERAL_NULL_CONVERSION = YES;
				CLANG_WARN_OBJC_IMPLICIT_RETAIN_SELF = YES;
				CLANG_WARN_OBJC_LITERAL_CONVERSION = YES;
				CLANG_WARN_OBJC_ROOT_CLASS = YES_ERROR;
				CLANG_WARN_QUOTED_INCLUDE_IN_FRAMEWORK_HEADER = YES;
				CLANG_WARN_RANGE_LOOP_ANALYSIS = YES;
				CLANG_WARN_STRICT_PROTOTYPES = YES;
				CLANG_WARN_SUSPICIOUS_MOVE = YES;
				CLANG_WARN_UNGUARDED_AVAILABILITY = YES_AGGRESSIVE;
				CLANG_WARN_UNREACHABLE_CODE = YES;
				CLANG_WARN__DUPLICATE_METHOD_MATCH = YES;
				COPY_PHASE_STRIP = NO;
				DEBUG_INFORMATION_FORMAT = dwarf;
				ENABLE_STRICT_OBJC_MSGSEND = YES;
				ENABLE_TESTABILITY = YES;
				ENABLE_USER_SCRIPT_SANDBOXING = YES;
				GCC_C_LANGUAGE_STANDARD = gnu17;
				GCC_DYNAMIC_NO_PIC = NO;
				GCC_NO_COMMON_BLOCKS = YES;
				GCC_OPTIMIZATION_LEVEL = 0;
				GCC_PREPROCESSOR_DEFINITIONS = (
					"DEBUG=1",
					"$(inherited)",
				);
				GCC_WARN_64_TO_32_BIT_CONVERSION = YES;
				GCC_WARN_ABOUT_RETURN_TYPE = YES_ERROR;
				GCC_WARN_UNDECLARED_SELECTOR = YES;
				GCC_WARN_UNINITIALIZED_AUTOS = YES_AGGRESSIVE;
				GCC_WARN_UNUSED_FUNCTION = YES;
				GCC_WARN_UNUSED_VARIABLE = YES;
				LOCALIZATION_PREFERS_STRING_CATALOGS = YES;
				MACOSX_DEPLOYMENT_TARGET = 14.2;
				MTL_ENABLE_DEBUG_INFO = INCLUDE_SOURCE;
				MTL_FAST_MATH = YES;
				ONLY_ACTIVE_ARCH = YES;
				SDKROOT = macosx;
				SWIFT_ACTIVE_COMPILATION_CONDITIONS = "DEBUG $(inherited)";
				SWIFT_OPTIMIZATION_LEVEL = "-Onone";
				SWIFT_VERSION = 6.0;
			};
			name = Debug;
		};
		86B5FF052EA28EBB001BEA55 /* Release */ = {
			isa = XCBuildConfiguration;
			buildSettings = {
				ALWAYS_SEARCH_USER_PATHS = NO;
				ASSETCATALOG_COMPILER_GENERATE_SWIFT_ASSET_SYMBOL_EXTENSIONS = YES;
				CLANG_ANALYZER_NONNULL = YES;
				CLANG_ANALYZER_NUMBER_OBJECT_CONVERSION = YES_AGGRESSIVE;
				CLANG_CXX_LANGUAGE_STANDARD = "gnu++20";
				CLANG_ENABLE_MODULES = YES;
				CLANG_ENABLE_OBJC_ARC = YES;
				CLANG_ENABLE_OBJC_WEAK = YES;
				CLANG_WARN_BLOCK_CAPTURE_AUTORELEASING = YES;
				CLANG_WARN_BOOL_CONVERSION = YES;
				CLANG_WARN_COMMA = YES;
				CLANG_WARN_CONSTANT_CONVERSION = YES;
				CLANG_WARN_DEPRECATED_OBJC_IMPLEMENTATIONS = YES;
				CLANG_WARN_DIRECT_OBJC_ISA_USAGE = YES_ERROR;
				CLANG_WARN_DOCUMENTATION_COMMENTS = YES;
				CLANG_WARN_EMPTY_BODY = YES;
				CLANG_WARN_ENUM_CONVERSION = YES;
				CLANG_WARN_INFINITE_RECURSION = YES;
				CLANG_WARN_INT_CONVERSION = YES;
				CLANG_WARN_NON_LITERAL_NULL_CONVERSION = YES;
				CLANG_WARN_OBJC_IMPLICIT_RETAIN_SELF = YES;
				CLANG_WARN_OBJC_LITERAL_CONVERSION = YES;
				CLANG_WARN_OBJC_ROOT_CLASS = YES_ERROR;
				CLANG_WARN_QUOTED_INCLUDE_IN_FRAMEWORK_HEADER = YES;
				CLANG_WARN_RANGE_LOOP_ANALYSIS = YES;
				CLANG_WARN_STRICT_PROTOTYPES = YES;
				CLANG_WARN_SUSPICIOUS_MOVE = YES;
				CLANG_WARN_UNGUARDED_AVAILABILITY = YES_AGGRESSIVE;
				CLANG_WARN_UNREACHABLE_CODE = YES;
				CLANG_WARN__DUPLICATE_METHOD_MATCH = YES;
				COPY_PHASE_STRIP = NO;
				DEBUG_INFORMATION_FORMAT = "dwarf-with-dsym";
				ENABLE_NS_ASSERTIONS = NO;
				ENABLE_STRICT_OBJC_MSGSEND = YES;
				ENABLE_USER_SCRIPT_SANDBOXING = YES;
				GCC_C_LANGUAGE_STANDARD = gnu17;
				GCC_NO_COMMON_BLOCKS = YES;
				GCC_WARN_64_TO_32_BIT_CONVERSION = YES;
				GCC_WARN_ABOUT_RETURN_TYPE = YES_ERROR;
				GCC_WARN_UNDECLARED_SELECTOR = YES;
				GCC_WARN_UNINITIALIZED_AUTOS = YES_AGGRESSIVE;
				GCC_WARN_UNUSED_FUNCTION = YES;
				GCC_WARN_UNUSED_VARIABLE = YES;
				LOCALIZATION_PREFERS_STRING_CATALOGS = YES;
				MACOSX_DEPLOYMENT_TARGET = 14.2;
				MTL_ENABLE_DEBUG_INFO = NO;
				MTL_FAST_MATH = YES;
				SDKROOT = macosx;
				SWIFT_COMPILATION_MODE = wholemodule;
				SWIFT_VERSION = 6.0;
			};
			name = Release;
		};
		86B5FF072EA28EBB001BEA55 /* Debug */ = {
			isa = XCBuildConfiguration;
			buildSettings = {
				CODE_SIGN_STYLE = Automatic;
				DEVELOPMENT_TEAM = W5QL582HR5;
				ENABLE_HARDENED_RUNTIME = YES;
				PRODUCT_NAME = "$(TARGET_NAME)";
				SWIFT_VERSION = 6.0;
			};
			name = Debug;
		};
		86B5FF082EA28EBB001BEA55 /* Release */ = {
			isa = XCBuildConfiguration;
			buildSettings = {
				CODE_SIGN_STYLE = Automatic;
				DEVELOPMENT_TEAM = W5QL582HR5;
				ENABLE_HARDENED_RUNTIME = YES;
				PRODUCT_NAME = "$(TARGET_NAME)";
				SWIFT_VERSION = 6.0;
			};
			name = Release;
		};
/* End XCBuildConfiguration section */

/* Begin XCConfigurationList section */
		86B5FEFA2EA28EBB001BEA55 /* Build configuration list for PBXProject "Swift_Language" */ = {
			isa = XCConfigurationList;
			buildConfigurations = (
				86B5FF042EA28EBB001BEA55 /* Debug */,
				86B5FF052EA28EBB001BEA55 /* Release */,
			);
			defaultConfigurationIsVisible = 0;
			defaultConfigurationName = Release;
		};
		86B5FF062EA28EBB001BEA55 /* Build configuration list for PBXNativeTarget "Swift_Language" */ = {
			isa = XCConfigurationList;
			buildConfigurations = (
				86B5FF072EA28EBB001BEA55 /* Debug */,
				86B5FF082EA28EBB001BEA55 /* Release */,
			);
			defaultConfigurationIsVisible = 0;
			defaultConfigurationName = Release;
		};
/* End XCConfigurationList section */
	};
	rootObject = 86B5FEF72EA28EBB001BEA55 /* Project object */;
}
